// !$*UTF8*$!
{
	archiveVersion = 1;
	classes = {
	};
	objectVersion = 56;
	objects = {

/* Begin PBXBuildFile section */
		420B15BC28BE0574000B583B /* Kingfisher in Frameworks */ = {isa = PBXBuildFile; productRef = 420B15BB28BE0574000B583B /* Kingfisher */; };
		4228106128D04EB400C32CFC /* APIClass.swift in Sources */ = {isa = PBXBuildFile; fileRef = 4228106028D04EB400C32CFC /* APIClass.swift */; };
		42387B3128D0781C006195B0 /* ShoppingCartViewController.swift in Sources */ = {isa = PBXBuildFile; fileRef = 42387B3028D0781C006195B0 /* ShoppingCartViewController.swift */; };
		42387B3328D07DE0006195B0 /* ShoppingCartTableViewCell.swift in Sources */ = {isa = PBXBuildFile; fileRef = 42387B3228D07DE0006195B0 /* ShoppingCartTableViewCell.swift */; };
		425D6F2028B4ACD200A0E1DA /* AppDelegate.swift in Sources */ = {isa = PBXBuildFile; fileRef = 425D6F1F28B4ACD200A0E1DA /* AppDelegate.swift */; };
		425D6F2228B4ACD200A0E1DA /* SceneDelegate.swift in Sources */ = {isa = PBXBuildFile; fileRef = 425D6F2128B4ACD200A0E1DA /* SceneDelegate.swift */; };
		425D6F2428B4ACD200A0E1DA /* ViewController.swift in Sources */ = {isa = PBXBuildFile; fileRef = 425D6F2328B4ACD200A0E1DA /* ViewController.swift */; };
		425D6F2728B4ACD200A0E1DA /* Main.storyboard in Resources */ = {isa = PBXBuildFile; fileRef = 425D6F2528B4ACD200A0E1DA /* Main.storyboard */; };
		425D6F2928B4ACD300A0E1DA /* Assets.xcassets in Resources */ = {isa = PBXBuildFile; fileRef = 425D6F2828B4ACD300A0E1DA /* Assets.xcassets */; };
		425D6F2C28B4ACD300A0E1DA /* LaunchScreen.storyboard in Resources */ = {isa = PBXBuildFile; fileRef = 425D6F2A28B4ACD300A0E1DA /* LaunchScreen.storyboard */; };
		425D6F3428B4B04500A0E1DA /* DrinkListViewController.swift in Sources */ = {isa = PBXBuildFile; fileRef = 425D6F3328B4B04500A0E1DA /* DrinkListViewController.swift */; };
		425D6F3628B4B10300A0E1DA /* DrinkListCell.swift in Sources */ = {isa = PBXBuildFile; fileRef = 425D6F3528B4B10300A0E1DA /* DrinkListCell.swift */; };
		425D6F3A28B4BEFE00A0E1DA /* DrinkListModel.swift in Sources */ = {isa = PBXBuildFile; fileRef = 425D6F3928B4BEFE00A0E1DA /* DrinkListModel.swift */; };
		4292E72228B5B15C00BE304E /* DrinkDetailViewController.swift in Sources */ = {isa = PBXBuildFile; fileRef = 4292E72128B5B15C00BE304E /* DrinkDetailViewController.swift */; };
		4292E72428B5B4F800BE304E /* FrontPageViewController.swift in Sources */ = {isa = PBXBuildFile; fileRef = 4292E72328B5B4F800BE304E /* FrontPageViewController.swift */; };
		4292E72628B5BB5200BE304E /* ActivityTableViewCell.swift in Sources */ = {isa = PBXBuildFile; fileRef = 4292E72528B5BB5200BE304E /* ActivityTableViewCell.swift */; };
		4297F13428B713F90076CB83 /* DrinkDetaiCell.swift in Sources */ = {isa = PBXBuildFile; fileRef = 4297F13328B713F80076CB83 /* DrinkDetaiCell.swift */; };
		42B97B5828BF598B00D0BDE0 /* DrinkOrderViewController.swift in Sources */ = {isa = PBXBuildFile; fileRef = 42B97B5728BF598B00D0BDE0 /* DrinkOrderViewController.swift */; };
/* End PBXBuildFile section */

/* Begin PBXFileReference section */
		4228106028D04EB400C32CFC /* APIClass.swift */ = {isa = PBXFileReference; lastKnownFileType = sourcecode.swift; path = APIClass.swift; sourceTree = "<group>"; };
		42387B3028D0781C006195B0 /* ShoppingCartViewController.swift */ = {isa = PBXFileReference; lastKnownFileType = sourcecode.swift; path = ShoppingCartViewController.swift; sourceTree = "<group>"; };
		42387B3228D07DE0006195B0 /* ShoppingCartTableViewCell.swift */ = {isa = PBXFileReference; lastKnownFileType = sourcecode.swift; name = ShoppingCartTableViewCell.swift; path = View/ShoppingCartTableViewCell.swift; sourceTree = SOURCE_ROOT; };
		425D6F1C28B4ACD200A0E1DA /* DrinkApp.app */ = {isa = PBXFileReference; explicitFileType = wrapper.application; includeInIndex = 0; path = DrinkApp.app; sourceTree = BUILT_PRODUCTS_DIR; };
		425D6F1F28B4ACD200A0E1DA /* AppDelegate.swift */ = {isa = PBXFileReference; lastKnownFileType = sourcecode.swift; path = AppDelegate.swift; sourceTree = "<group>"; };
		425D6F2128B4ACD200A0E1DA /* SceneDelegate.swift */ = {isa = PBXFileReference; lastKnownFileType = sourcecode.swift; path = SceneDelegate.swift; sourceTree = "<group>"; };
		425D6F2328B4ACD200A0E1DA /* ViewController.swift */ = {isa = PBXFileReference; lastKnownFileType = sourcecode.swift; path = ViewController.swift; sourceTree = "<group>"; };
		425D6F2628B4ACD200A0E1DA /* Base */ = {isa = PBXFileReference; lastKnownFileType = file.storyboard; name = Base; path = Base.lproj/Main.storyboard; sourceTree = "<group>"; };
		425D6F2828B4ACD300A0E1DA /* Assets.xcassets */ = {isa = PBXFileReference; lastKnownFileType = folder.assetcatalog; path = Assets.xcassets; sourceTree = "<group>"; };
		425D6F2B28B4ACD300A0E1DA /* Base */ = {isa = PBXFileReference; lastKnownFileType = file.storyboard; name = Base; path = Base.lproj/LaunchScreen.storyboard; sourceTree = "<group>"; };
		425D6F2D28B4ACD300A0E1DA /* Info.plist */ = {isa = PBXFileReference; lastKnownFileType = text.plist.xml; path = Info.plist; sourceTree = "<group>"; };
		425D6F3328B4B04500A0E1DA /* DrinkListViewController.swift */ = {isa = PBXFileReference; lastKnownFileType = sourcecode.swift; path = DrinkListViewController.swift; sourceTree = "<group>"; };
		425D6F3528B4B10300A0E1DA /* DrinkListCell.swift */ = {isa = PBXFileReference; lastKnownFileType = sourcecode.swift; path = DrinkListCell.swift; sourceTree = "<group>"; };
		425D6F3928B4BEFE00A0E1DA /* DrinkListModel.swift */ = {isa = PBXFileReference; lastKnownFileType = sourcecode.swift; path = DrinkListModel.swift; sourceTree = "<group>"; };
		4292E72128B5B15C00BE304E /* DrinkDetailViewController.swift */ = {isa = PBXFileReference; lastKnownFileType = sourcecode.swift; path = DrinkDetailViewController.swift; sourceTree = "<group>"; };
		4292E72328B5B4F800BE304E /* FrontPageViewController.swift */ = {isa = PBXFileReference; lastKnownFileType = sourcecode.swift; path = FrontPageViewController.swift; sourceTree = "<group>"; };
		4292E72528B5BB5200BE304E /* ActivityTableViewCell.swift */ = {isa = PBXFileReference; lastKnownFileType = sourcecode.swift; path = ActivityTableViewCell.swift; sourceTree = "<group>"; };
		4297F13328B713F80076CB83 /* DrinkDetaiCell.swift */ = {isa = PBXFileReference; lastKnownFileType = sourcecode.swift; path = DrinkDetaiCell.swift; sourceTree = "<group>"; };
		42B97B5728BF598B00D0BDE0 /* DrinkOrderViewController.swift */ = {isa = PBXFileReference; lastKnownFileType = sourcecode.swift; path = DrinkOrderViewController.swift; sourceTree = "<group>"; };
/* End PBXFileReference section */

/* Begin PBXFrameworksBuildPhase section */
		425D6F1928B4ACD200A0E1DA /* Frameworks */ = {
			isa = PBXFrameworksBuildPhase;
			buildActionMask = 2147483647;
			files = (
				420B15BC28BE0574000B583B /* Kingfisher in Frameworks */,
			);
			runOnlyForDeploymentPostprocessing = 0;
		};
/* End PBXFrameworksBuildPhase section */

/* Begin PBXGroup section */
		4228106228D04F7300C32CFC /* Class */ = {
			isa = PBXGroup;
			children = (
				4228106028D04EB400C32CFC /* APIClass.swift */,
			);
			path = Class;
			sourceTree = "<group>";
		};
		4228106328D04F8B00C32CFC /* Controller */ = {
			isa = PBXGroup;
			children = (
				4292E72328B5B4F800BE304E /* FrontPageViewController.swift */,
				425D6F3328B4B04500A0E1DA /* DrinkListViewController.swift */,
				4292E72128B5B15C00BE304E /* DrinkDetailViewController.swift */,
				42B97B5728BF598B00D0BDE0 /* DrinkOrderViewController.swift */,
				42387B3028D0781C006195B0 /* ShoppingCartViewController.swift */,
			);
			path = Controller;
			sourceTree = "<group>";
		};
		425D6F1328B4ACD200A0E1DA = {
			isa = PBXGroup;
			children = (
				425D6F3828B4B12400A0E1DA /* Model */,
				425D6F3728B4B11300A0E1DA /* View */,
				4228106228D04F7300C32CFC /* Class */,
				4228106328D04F8B00C32CFC /* Controller */,
				425D6F1E28B4ACD200A0E1DA /* DrinkApp */,
				425D6F1D28B4ACD200A0E1DA /* Products */,
			);
			sourceTree = "<group>";
		};
		425D6F1D28B4ACD200A0E1DA /* Products */ = {
			isa = PBXGroup;
			children = (
				425D6F1C28B4ACD200A0E1DA /* DrinkApp.app */,
			);
			name = Products;
			sourceTree = "<group>";
		};
		425D6F1E28B4ACD200A0E1DA /* DrinkApp */ = {
			isa = PBXGroup;
			children = (
				425D6F1F28B4ACD200A0E1DA /* AppDelegate.swift */,
				425D6F2128B4ACD200A0E1DA /* SceneDelegate.swift */,
				425D6F2328B4ACD200A0E1DA /* ViewController.swift */,
				425D6F2528B4ACD200A0E1DA /* Main.storyboard */,
				425D6F2828B4ACD300A0E1DA /* Assets.xcassets */,
				425D6F2A28B4ACD300A0E1DA /* LaunchScreen.storyboard */,
				425D6F2D28B4ACD300A0E1DA /* Info.plist */,
			);
			path = DrinkApp;
			sourceTree = "<group>";
		};
		425D6F3728B4B11300A0E1DA /* View */ = {
			isa = PBXGroup;
			children = (
				425D6F3528B4B10300A0E1DA /* DrinkListCell.swift */,
				4297F13328B713F80076CB83 /* DrinkDetaiCell.swift */,
				4292E72528B5BB5200BE304E /* ActivityTableViewCell.swift */,
				42387B3228D07DE0006195B0 /* ShoppingCartTableViewCell.swift */,
			);
			path = View;
			sourceTree = "<group>";
		};
		425D6F3828B4B12400A0E1DA /* Model */ = {
			isa = PBXGroup;
			children = (
				425D6F3928B4BEFE00A0E1DA /* DrinkListModel.swift */,
			);
			path = Model;
			sourceTree = "<group>";
		};
/* End PBXGroup section */

/* Begin PBXNativeTarget section */
		425D6F1B28B4ACD200A0E1DA /* DrinkApp */ = {
			isa = PBXNativeTarget;
			buildConfigurationList = 425D6F3028B4ACD300A0E1DA /* Build configuration list for PBXNativeTarget "DrinkApp" */;
			buildPhases = (
				425D6F1828B4ACD200A0E1DA /* Sources */,
				425D6F1928B4ACD200A0E1DA /* Frameworks */,
				425D6F1A28B4ACD200A0E1DA /* Resources */,
			);
			buildRules = (
			);
			dependencies = (
			);
			name = DrinkApp;
			packageProductDependencies = (
				420B15BB28BE0574000B583B /* Kingfisher */,
			);
			productName = DrinkApp;
			productReference = 425D6F1C28B4ACD200A0E1DA /* DrinkApp.app */;
			productType = "com.apple.product-type.application";
		};
/* End PBXNativeTarget section */

/* Begin PBXProject section */
		425D6F1428B4ACD200A0E1DA /* Project object */ = {
			isa = PBXProject;
			attributes = {
				BuildIndependentTargetsInParallel = 1;
				LastSwiftUpdateCheck = 1400;
				LastUpgradeCheck = 1400;
				TargetAttributes = {
					425D6F1B28B4ACD200A0E1DA = {
						CreatedOnToolsVersion = 14.0;
					};
				};
			};
			buildConfigurationList = 425D6F1728B4ACD200A0E1DA /* Build configuration list for PBXProject "DrinkApp" */;
			compatibilityVersion = "Xcode 14.0";
			developmentRegion = en;
			hasScannedForEncodings = 0;
			knownRegions = (
				en,
				Base,
			);
			mainGroup = 425D6F1328B4ACD200A0E1DA;
			packageReferences = (
				420B15BA28BE0574000B583B /* XCRemoteSwiftPackageReference "Kingfisher" */,
			);
			productRefGroup = 425D6F1D28B4ACD200A0E1DA /* Products */;
			projectDirPath = "";
			projectRoot = "";
			targets = (
				425D6F1B28B4ACD200A0E1DA /* DrinkApp */,
			);
		};
/* End PBXProject section */

/* Begin PBXResourcesBuildPhase section */
		425D6F1A28B4ACD200A0E1DA /* Resources */ = {
			isa = PBXResourcesBuildPhase;
			buildActionMask = 2147483647;
			files = (
				425D6F2C28B4ACD300A0E1DA /* LaunchScreen.storyboard in Resources */,
				425D6F2928B4ACD300A0E1DA /* Assets.xcassets in Resources */,
				425D6F2728B4ACD200A0E1DA /* Main.storyboard in Resources */,
			);
			runOnlyForDeploymentPostprocessing = 0;
		};
/* End PBXResourcesBuildPhase section */

/* Begin PBXSourcesBuildPhase section */
		425D6F1828B4ACD200A0E1DA /* Sources */ = {
			isa = PBXSourcesBuildPhase;
			buildActionMask = 2147483647;
			files = (
				425D6F2428B4ACD200A0E1DA /* ViewController.swift in Sources */,
				425D6F3628B4B10300A0E1DA /* DrinkListCell.swift in Sources */,
				4297F13428B713F90076CB83 /* DrinkDetaiCell.swift in Sources */,
				425D6F2028B4ACD200A0E1DA /* AppDelegate.swift in Sources */,
				425D6F2228B4ACD200A0E1DA /* SceneDelegate.swift in Sources */,
				42B97B5828BF598B00D0BDE0 /* DrinkOrderViewController.swift in Sources */,
				425D6F3A28B4BEFE00A0E1DA /* DrinkListModel.swift in Sources */,
				42387B3328D07DE0006195B0 /* ShoppingCartTableViewCell.swift in Sources */,
				4292E72428B5B4F800BE304E /* FrontPageViewController.swift in Sources */,
				4292E72228B5B15C00BE304E /* DrinkDetailViewController.swift in Sources */,
				42387B3128D0781C006195B0 /* ShoppingCartViewController.swift in Sources */,
				4228106128D04EB400C32CFC /* APIClass.swift in Sources */,
				425D6F3428B4B04500A0E1DA /* DrinkListViewController.swift in Sources */,
				4292E72628B5BB5200BE304E /* ActivityTableViewCell.swift in Sources */,
			);
			runOnlyForDeploymentPostprocessing = 0;
		};
/* End PBXSourcesBuildPhase section */

/* Begin PBXVariantGroup section */
		425D6F2528B4ACD200A0E1DA /* Main.storyboard */ = {
			isa = PBXVariantGroup;
			children = (
				425D6F2628B4ACD200A0E1DA /* Base */,
			);
			name = Main.storyboard;
			sourceTree = "<group>";
		};
		425D6F2A28B4ACD300A0E1DA /* LaunchScreen.storyboard */ = {
			isa = PBXVariantGroup;
			children = (
				425D6F2B28B4ACD300A0E1DA /* Base */,
			);
			name = LaunchScreen.storyboard;
			sourceTree = "<group>";
		};
/* End PBXVariantGroup section */

/* Begin XCBuildConfiguration section */
		425D6F2E28B4ACD300A0E1DA /* Debug */ = {
			isa = XCBuildConfiguration;
			buildSettings = {
				ALWAYS_SEARCH_USER_PATHS = NO;
				CLANG_ANALYZER_NONNULL = YES;
				CLANG_ANALYZER_NUMBER_OBJECT_CONVERSION = YES_AGGRESSIVE;
				CLANG_CXX_LANGUAGE_STANDARD = "gnu++20";
				CLANG_ENABLE_MODULES = YES;
				CLANG_ENABLE_OBJC_ARC = YES;
				CLANG_ENABLE_OBJC_WEAK = YES;
				CLANG_WARN_BLOCK_CAPTURE_AUTORELEASING = YES;
				CLANG_WARN_BOOL_CONVERSION = YES;
				CLANG_WARN_COMMA = YES;
				CLANG_WARN_CONSTANT_CONVERSION = YES;
				CLANG_WARN_DEPRECATED_OBJC_IMPLEMENTATIONS = YES;
				CLANG_WARN_DIRECT_OBJC_ISA_USAGE = YES_ERROR;
				CLANG_WARN_DOCUMENTATION_COMMENTS = YES;
				CLANG_WARN_EMPTY_BODY = YES;
				CLANG_WARN_ENUM_CONVERSION = YES;
				CLANG_WARN_INFINITE_RECURSION = YES;
				CLANG_WARN_INT_CONVERSION = YES;
				CLANG_WARN_NON_LITERAL_NULL_CONVERSION = YES;
				CLANG_WARN_OBJC_IMPLICIT_RETAIN_SELF = YES;
				CLANG_WARN_OBJC_LITERAL_CONVERSION = YES;
				CLANG_WARN_OBJC_ROOT_CLASS = YES_ERROR;
				CLANG_WARN_QUOTED_INCLUDE_IN_FRAMEWORK_HEADER = YES;
				CLANG_WARN_RANGE_LOOP_ANALYSIS = YES;
				CLANG_WARN_STRICT_PROTOTYPES = YES;
				CLANG_WARN_SUSPICIOUS_MOVE = YES;
				CLANG_WARN_UNGUARDED_AVAILABILITY = YES_AGGRESSIVE;
				CLANG_WARN_UNREACHABLE_CODE = YES;
				CLANG_WARN__DUPLICATE_METHOD_MATCH = YES;
				COPY_PHASE_STRIP = NO;
				DEBUG_INFORMATION_FORMAT = dwarf;
				ENABLE_STRICT_OBJC_MSGSEND = YES;
				ENABLE_TESTABILITY = YES;
				GCC_C_LANGUAGE_STANDARD = gnu11;
				GCC_DYNAMIC_NO_PIC = NO;
				GCC_NO_COMMON_BLOCKS = YES;
				GCC_OPTIMIZATION_LEVEL = 0;
				GCC_PREPROCESSOR_DEFINITIONS = (
					"DEBUG=1",
					"$(inherited)",
				);
				GCC_WARN_64_TO_32_BIT_CONVERSION = YES;
				GCC_WARN_ABOUT_RETURN_TYPE = YES_ERROR;
				GCC_WARN_UNDECLARED_SELECTOR = YES;
				GCC_WARN_UNINITIALIZED_AUTOS = YES_AGGRESSIVE;
				GCC_WARN_UNUSED_FUNCTION = YES;
				GCC_WARN_UNUSED_VARIABLE = YES;
				IPHONEOS_DEPLOYMENT_TARGET = 16.0;
				MTL_ENABLE_DEBUG_INFO = INCLUDE_SOURCE;
				MTL_FAST_MATH = YES;
				ONLY_ACTIVE_ARCH = YES;
				SDKROOT = iphoneos;
				SWIFT_ACTIVE_COMPILATION_CONDITIONS = DEBUG;
				SWIFT_OPTIMIZATION_LEVEL = "-Onone";
			};
			name = Debug;
		};
		425D6F2F28B4ACD300A0E1DA /* Release */ = {
			isa = XCBuildConfiguration;
			buildSettings = {
				ALWAYS_SEARCH_USER_PATHS = NO;
				CLANG_ANALYZER_NONNULL = YES;
				CLANG_ANALYZER_NUMBER_OBJECT_CONVERSION = YES_AGGRESSIVE;
				CLANG_CXX_LANGUAGE_STANDARD = "gnu++20";
				CLANG_ENABLE_MODULES = YES;
				CLANG_ENABLE_OBJC_ARC = YES;
				CLANG_ENABLE_OBJC_WEAK = YES;
				CLANG_WARN_BLOCK_CAPTURE_AUTORELEASING = YES;
				CLANG_WARN_BOOL_CONVERSION = YES;
				CLANG_WARN_COMMA = YES;
				CLANG_WARN_CONSTANT_CONVERSION = YES;
				CLANG_WARN_DEPRECATED_OBJC_IMPLEMENTATIONS = YES;
				CLANG_WARN_DIRECT_OBJC_ISA_USAGE = YES_ERROR;
				CLANG_WARN_DOCUMENTATION_COMMENTS = YES;
				CLANG_WARN_EMPTY_BODY = YES;
				CLANG_WARN_ENUM_CONVERSION = YES;
				CLANG_WARN_INFINITE_RECURSION = YES;
				CLANG_WARN_INT_CONVERSION = YES;
				CLANG_WARN_NON_LITERAL_NULL_CONVERSION = YES;
				CLANG_WARN_OBJC_IMPLICIT_RETAIN_SELF = YES;
				CLANG_WARN_OBJC_LITERAL_CONVERSION = YES;
				CLANG_WARN_OBJC_ROOT_CLASS = YES_ERROR;
				CLANG_WARN_QUOTED_INCLUDE_IN_FRAMEWORK_HEADER = YES;
				CLANG_WARN_RANGE_LOOP_ANALYSIS = YES;
				CLANG_WARN_STRICT_PROTOTYPES = YES;
				CLANG_WARN_SUSPICIOUS_MOVE = YES;
				CLANG_WARN_UNGUARDED_AVAILABILITY = YES_AGGRESSIVE;
				CLANG_WARN_UNREACHABLE_CODE = YES;
				CLANG_WARN__DUPLICATE_METHOD_MATCH = YES;
				COPY_PHASE_STRIP = NO;
				DEBUG_INFORMATION_FORMAT = "dwarf-with-dsym";
				ENABLE_NS_ASSERTIONS = NO;
				ENABLE_STRICT_OBJC_MSGSEND = YES;
				GCC_C_LANGUAGE_STANDARD = gnu11;
				GCC_NO_COMMON_BLOCKS = YES;
				GCC_WARN_64_TO_32_BIT_CONVERSION = YES;
				GCC_WARN_ABOUT_RETURN_TYPE = YES_ERROR;
				GCC_WARN_UNDECLARED_SELECTOR = YES;
				GCC_WARN_UNINITIALIZED_AUTOS = YES_AGGRESSIVE;
				GCC_WARN_UNUSED_FUNCTION = YES;
				GCC_WARN_UNUSED_VARIABLE = YES;
				IPHONEOS_DEPLOYMENT_TARGET = 16.0;
				MTL_ENABLE_DEBUG_INFO = NO;
				MTL_FAST_MATH = YES;
				SDKROOT = iphoneos;
				SWIFT_COMPILATION_MODE = wholemodule;
				SWIFT_OPTIMIZATION_LEVEL = "-O";
				VALIDATE_PRODUCT = YES;
			};
			name = Release;
		};
		425D6F3128B4ACD300A0E1DA /* Debug */ = {
			isa = XCBuildConfiguration;
			buildSettings = {
				ASSETCATALOG_COMPILER_APPICON_NAME = AppIcon;
				ASSETCATALOG_COMPILER_GLOBAL_ACCENT_COLOR_NAME = AccentColor;
				CODE_SIGN_STYLE = Automatic;
				CURRENT_PROJECT_VERSION = 1;
				GENERATE_INFOPLIST_FILE = YES;
				INFOPLIST_FILE = DrinkApp/Info.plist;
				INFOPLIST_KEY_UIApplicationSupportsIndirectInputEvents = YES;
				INFOPLIST_KEY_UILaunchStoryboardName = LaunchScreen;
				INFOPLIST_KEY_UIMainStoryboardFile = Main;
				INFOPLIST_KEY_UISupportedInterfaceOrientations_iPad = "UIInterfaceOrientationPortrait UIInterfaceOrientationPortraitUpsideDown UIInterfaceOrientationLandscapeLeft UIInterfaceOrientationLandscapeRight";
				INFOPLIST_KEY_UISupportedInterfaceOrientations_iPhone = "UIInterfaceOrientationPortrait UIInterfaceOrientationLandscapeLeft UIInterfaceOrientationLandscapeRight";
				LD_RUNPATH_SEARCH_PATHS = (
					"$(inherited)",
					"@executable_path/Frameworks",
				);
				MARKETING_VERSION = 1.0;
				PRODUCT_BUNDLE_IDENTIFIER = "croc0909-gmail.com.DrinkApp";
				PRODUCT_NAME = "$(TARGET_NAME)";
				SWIFT_EMIT_LOC_STRINGS = YES;
				SWIFT_VERSION = 5.0;
				TARGETED_DEVICE_FAMILY = "1,2";
			};
			name = Debug;
		};
		425D6F3228B4ACD300A0E1DA /* Release */ = {
			isa = XCBuildConfiguration;
			buildSettings = {
				ASSETCATALOG_COMPILER_APPICON_NAME = AppIcon;
				ASSETCATALOG_COMPILER_GLOBAL_ACCENT_COLOR_NAME = AccentColor;
				CODE_SIGN_STYLE = Automatic;
				CURRENT_PROJECT_VERSION = 1;
				GENERATE_INFOPLIST_FILE = YES;
				INFOPLIST_FILE = DrinkApp/Info.plist;
				INFOPLIST_KEY_UIApplicationSupportsIndirectInputEvents = YES;
				INFOPLIST_KEY_UILaunchStoryboardName = LaunchScreen;
				INFOPLIST_KEY_UIMainStoryboardFile = Main;
				INFOPLIST_KEY_UISupportedInterfaceOrientations_iPad = "UIInterfaceOrientationPortrait UIInterfaceOrientationPortraitUpsideDown UIInterfaceOrientationLandscapeLeft UIInterfaceOrientationLandscapeRight";
				INFOPLIST_KEY_UISupportedInterfaceOrientations_iPhone = "UIInterfaceOrientationPortrait UIInterfaceOrientationLandscapeLeft UIInterfaceOrientationLandscapeRight";
				LD_RUNPATH_SEARCH_PATHS = (
					"$(inherited)",
					"@executable_path/Frameworks",
				);
				MARKETING_VERSION = 1.0;
				PRODUCT_BUNDLE_IDENTIFIER = "croc0909-gmail.com.DrinkApp";
				PRODUCT_NAME = "$(TARGET_NAME)";
				SWIFT_EMIT_LOC_STRINGS = YES;
				SWIFT_VERSION = 5.0;
				TARGETED_DEVICE_FAMILY = "1,2";
			};
			name = Release;
		};
/* End XCBuildConfiguration section */

/* Begin XCConfigurationList section */
		425D6F1728B4ACD200A0E1DA /* Build configuration list for PBXProject "DrinkApp" */ = {
			isa = XCConfigurationList;
			buildConfigurations = (
				425D6F2E28B4ACD300A0E1DA /* Debug */,
				425D6F2F28B4ACD300A0E1DA /* Release */,
			);
			defaultConfigurationIsVisible = 0;
			defaultConfigurationName = Release;
		};
		425D6F3028B4ACD300A0E1DA /* Build configuration list for PBXNativeTarget "DrinkApp" */ = {
			isa = XCConfigurationList;
			buildConfigurations = (
				425D6F3128B4ACD300A0E1DA /* Debug */,
				425D6F3228B4ACD300A0E1DA /* Release */,
			);
			defaultConfigurationIsVisible = 0;
			defaultConfigurationName = Release;
		};
/* End XCConfigurationList section */

/* Begin XCRemoteSwiftPackageReference section */
		420B15BA28BE0574000B583B /* XCRemoteSwiftPackageReference "Kingfisher" */ = {
			isa = XCRemoteSwiftPackageReference;
			repositoryURL = "https://github.com/onevcat/Kingfisher";
			requirement = {
				branch = master;
				kind = branch;
			};
		};
/* End XCRemoteSwiftPackageReference section */

/* Begin XCSwiftPackageProductDependency section */
		420B15BB28BE0574000B583B /* Kingfisher */ = {
			isa = XCSwiftPackageProductDependency;
			package = 420B15BA28BE0574000B583B /* XCRemoteSwiftPackageReference "Kingfisher" */;
			productName = Kingfisher;
		};
/* End XCSwiftPackageProductDependency section */
	};
	rootObject = 425D6F1428B4ACD200A0E1DA /* Project object */;
}
